
Microsoft Visual Studio Solution File, Format Version 12.00
# Visual Studio 14
VisualStudioVersion = 14.0.24720.0
MinimumVisualStudioVersion = 10.0.40219.1
Project("{FAE04EC0-301F-11D3-BF4B-00C04F79EFBC}") = "Routemeister", "Routemeister\Routemeister.csproj", "{12F90D94-3004-48DE-86A6-86E47C166882}"
EndProject
Project("{FAE04EC0-301F-11D3-BF4B-00C04F79EFBC}") = "Routemeister.UnitTests", "Routemeister.UnitTests\Routemeister.UnitTests.csproj", "{95011A31-CD84-450A-A6C1-904AE3DA2790}"
EndProject
Global
	GlobalSection(SolutionConfigurationPlatforms) = preSolution
		Debug|Any CPU = Debug|Any CPU
		Release|Any CPU = Release|Any CPU
	EndGlobalSection
	GlobalSection(ProjectConfigurationPlatforms) = postSolution
		{12F90D94-3004-48DE-86A6-86E47C166882}.Debug|Any CPU.ActiveCfg = Debug|Any CPU
		{12F90D94-3004-48DE-86A6-86E47C166882}.Debug|Any CPU.Build.0 = Debug|Any CPU
		{12F90D94-3004-48DE-86A6-86E47C166882}.Release|Any CPU.ActiveCfg = Release|Any CPU
		{12F90D94-3004-48DE-86A6-86E47C166882}.Release|Any CPU.Build.0 = Release|Any CPU
		{95011A31-CD84-450A-A6C1-904AE3DA2790}.Debug|Any CPU.ActiveCfg = Debug|Any CPU
		{95011A31-CD84-450A-A6C1-904AE3DA2790}.Debug|Any CPU.Build.0 = Debug|Any CPU
		{95011A31-CD84-450A-A6C1-904AE3DA2790}.Release|Any CPU.ActiveCfg = Release|Any CPU
		{95011A31-CD84-450A-A6C1-904AE3DA2790}.Release|Any CPU.Build.0 = Release|Any CPU
	EndGlobalSection
	GlobalSection(SolutionProperties) = preSolution
		HideSolutionNode = FALSE
	EndGlobalSection
EndGlobal
